
Microsoft Visual Studio Solution File, Format Version 12.00
# Visual Studio Version 17
VisualStudioVersion = 17.5.33627.172
MinimumVisualStudioVersion = 10.0.40219.1
Project("{FAE04EC0-301F-11D3-BF4B-00C04F79EFBC}") = "exercicio da forca", "simulado devs to blu\exercicio da forca.csproj", "{61B63A30-D823-4B06-8166-8E33B4D05DF0}"
EndProject
Project("{FAE04EC0-301F-11D3-BF4B-00C04F79EFBC}") = "exercicios da ordem", "exercicios da ordem\exercicios da ordem.csproj", "{82AB505C-5B9E-491B-B7E5-AE2E37BEC5E9}"
EndProject
Global
	GlobalSection(SolutionConfigurationPlatforms) = preSolution
		Debug|Any CPU = Debug|Any CPU
		Release|Any CPU = Release|Any CPU
	EndGlobalSection
	GlobalSection(ProjectConfigurationPlatforms) = postSolution
		{61B63A30-D823-4B06-8166-8E33B4D05DF0}.Debug|Any CPU.ActiveCfg = Debug|Any CPU
		{61B63A30-D823-4B06-8166-8E33B4D05DF0}.Debug|Any CPU.Build.0 = Debug|Any CPU
		{61B63A30-D823-4B06-8166-8E33B4D05DF0}.Release|Any CPU.ActiveCfg = Release|Any CPU
		{61B63A30-D823-4B06-8166-8E33B4D05DF0}.Release|Any CPU.Build.0 = Release|Any CPU
		{82AB505C-5B9E-491B-B7E5-AE2E37BEC5E9}.Debug|Any CPU.ActiveCfg = Debug|Any CPU
		{82AB505C-5B9E-491B-B7E5-AE2E37BEC5E9}.Debug|Any CPU.Build.0 = Debug|Any CPU
		{82AB505C-5B9E-491B-B7E5-AE2E37BEC5E9}.Release|Any CPU.ActiveCfg = Release|Any CPU
		{82AB505C-5B9E-491B-B7E5-AE2E37BEC5E9}.Release|Any CPU.Build.0 = Release|Any CPU
	EndGlobalSection
	GlobalSection(SolutionProperties) = preSolution
		HideSolutionNode = FALSE
	EndGlobalSection
	GlobalSection(ExtensibilityGlobals) = postSolution
		SolutionGuid = {98322C16-072E-454A-9B22-6F43D6668A58}
	EndGlobalSection
EndGlobal
